
Microsoft Visual Studio Solution File, Format Version 12.00
# Visual Studio Version 17
VisualStudioVersion = 17.9.34728.123
MinimumVisualStudioVersion = 10.0.40219.1
Project("{FAE04EC0-301F-11D3-BF4B-00C04F79EFBC}") = "AwesomeWPF", "AwesomeWPF.csproj", "{EA5DB2B7-A44A-4A61-91F8-68121F92B8D9}"
EndProject
Global
	GlobalSection(SolutionConfigurationPlatforms) = preSolution
		Debug|Any CPU = Debug|Any CPU
		Release|Any CPU = Release|Any CPU
	EndGlobalSection
	GlobalSection(ProjectConfigurationPlatforms) = postSolution
		{EA5DB2B7-A44A-4A61-91F8-68121F92B8D9}.Debug|Any CPU.ActiveCfg = Debug|Any CPU
		{EA5DB2B7-A44A-4A61-91F8-68121F92B8D9}.Debug|Any CPU.Build.0 = Debug|Any CPU
		{EA5DB2B7-A44A-4A61-91F8-68121F92B8D9}.Release|Any CPU.ActiveCfg = Release|Any CPU
		{EA5DB2B7-A44A-4A61-91F8-68121F92B8D9}.Release|Any CPU.Build.0 = Release|Any CPU
	EndGlobalSection
	GlobalSection(SolutionProperties) = preSolution
		HideSolutionNode = FALSE
	EndGlobalSection
	GlobalSection(ExtensibilityGlobals) = postSolution
		SolutionGuid = {625B358B-2698-4DF3-B68B-D4C345419309}
	EndGlobalSection
EndGlobal
